
Microsoft Visual Studio Solution File, Format Version 12.00
# Visual Studio 2013
VisualStudioVersion = 12.0.21005.1
MinimumVisualStudioVersion = 10.0.40219.1
Project("{FAE04EC0-301F-11D3-BF4B-00C04F79EFBC}") = "ProductKeyManager", "ProductKeyManager\ProductKeyManager.csproj", "{1C9E2DAF-E54B-44BF-8E00-70927779E6E9}"
EndProject
Project("{FAE04EC0-301F-11D3-BF4B-00C04F79EFBC}") = "ProductKeyManager.Data", "ProductKeyManager.Data\ProductKeyManager.Data.csproj", "{2E7A0BDB-FC72-4E01-AB47-C1F1F0AEE793}"
EndProject
Project("{2150E333-8FDC-42A3-9474-1A3956D46DE8}") = "Common", "Common", "{B9E187A4-36E1-4720-A885-73410CD96ED0}"
EndProject
Project("{FAE04EC0-301F-11D3-BF4B-00C04F79EFBC}") = "Logging", "..\..\..\Common\Logging\Logging.csproj", "{D5206A06-F3A6-4E61-924D-0B3D5CCD2B1B}"
EndProject
Project("{2150E333-8FDC-42A3-9474-1A3956D46DE8}") = "Data", "Data", "{2C94488F-7B28-4D72-B344-190A4B70599B}"
EndProject
Project("{FAE04EC0-301F-11D3-BF4B-00C04F79EFBC}") = "ProductKeyManager.Data.Microsoft", "ProductKeyManager.Data.Microsoft\ProductKeyManager.Data.Microsoft.csproj", "{CCA6B0A8-E1FB-4D1F-A65D-A7D7885337C7}"
EndProject
Global
	GlobalSection(SolutionConfigurationPlatforms) = preSolution
		Debug|Any CPU = Debug|Any CPU
		Release|Any CPU = Release|Any CPU
	EndGlobalSection
	GlobalSection(ProjectConfigurationPlatforms) = postSolution
		{1C9E2DAF-E54B-44BF-8E00-70927779E6E9}.Debug|Any CPU.ActiveCfg = Debug|Any CPU
		{1C9E2DAF-E54B-44BF-8E00-70927779E6E9}.Debug|Any CPU.Build.0 = Debug|Any CPU
		{1C9E2DAF-E54B-44BF-8E00-70927779E6E9}.Release|Any CPU.ActiveCfg = Release|Any CPU
		{1C9E2DAF-E54B-44BF-8E00-70927779E6E9}.Release|Any CPU.Build.0 = Release|Any CPU
		{2E7A0BDB-FC72-4E01-AB47-C1F1F0AEE793}.Debug|Any CPU.ActiveCfg = Debug|Any CPU
		{2E7A0BDB-FC72-4E01-AB47-C1F1F0AEE793}.Debug|Any CPU.Build.0 = Debug|Any CPU
		{2E7A0BDB-FC72-4E01-AB47-C1F1F0AEE793}.Release|Any CPU.ActiveCfg = Release|Any CPU
		{2E7A0BDB-FC72-4E01-AB47-C1F1F0AEE793}.Release|Any CPU.Build.0 = Release|Any CPU
		{D5206A06-F3A6-4E61-924D-0B3D5CCD2B1B}.Debug|Any CPU.ActiveCfg = Debug|Any CPU
		{D5206A06-F3A6-4E61-924D-0B3D5CCD2B1B}.Debug|Any CPU.Build.0 = Debug|Any CPU
		{D5206A06-F3A6-4E61-924D-0B3D5CCD2B1B}.Release|Any CPU.ActiveCfg = Release|Any CPU
		{D5206A06-F3A6-4E61-924D-0B3D5CCD2B1B}.Release|Any CPU.Build.0 = Release|Any CPU
		{CCA6B0A8-E1FB-4D1F-A65D-A7D7885337C7}.Debug|Any CPU.ActiveCfg = Debug|Any CPU
		{CCA6B0A8-E1FB-4D1F-A65D-A7D7885337C7}.Debug|Any CPU.Build.0 = Debug|Any CPU
		{CCA6B0A8-E1FB-4D1F-A65D-A7D7885337C7}.Release|Any CPU.ActiveCfg = Release|Any CPU
		{CCA6B0A8-E1FB-4D1F-A65D-A7D7885337C7}.Release|Any CPU.Build.0 = Release|Any CPU
	EndGlobalSection
	GlobalSection(SolutionProperties) = preSolution
		HideSolutionNode = FALSE
	EndGlobalSection
	GlobalSection(NestedProjects) = preSolution
		{2E7A0BDB-FC72-4E01-AB47-C1F1F0AEE793} = {2C94488F-7B28-4D72-B344-190A4B70599B}
		{CCA6B0A8-E1FB-4D1F-A65D-A7D7885337C7} = {2C94488F-7B28-4D72-B344-190A4B70599B}
		{D5206A06-F3A6-4E61-924D-0B3D5CCD2B1B} = {B9E187A4-36E1-4720-A885-73410CD96ED0}
	EndGlobalSection
EndGlobal
